
Microsoft Visual Studio Solution File, Format Version 12.00
# Visual Studio Version 17
VisualStudioVersion = 17.6.33723.286
MinimumVisualStudioVersion = 10.0.40219.1
Project("{FAE04EC0-301F-11D3-BF4B-00C04F79EFBC}") = "IComparableProgram", "IComparableProgram\IComparableProgram.csproj", "{00763EE8-17F3-4042-B813-AE08032E8C64}"
EndProject
Global
	GlobalSection(SolutionConfigurationPlatforms) = preSolution
		Debug|Any CPU = Debug|Any CPU
		Release|Any CPU = Release|Any CPU
	EndGlobalSection
	GlobalSection(ProjectConfigurationPlatforms) = postSolution
		{00763EE8-17F3-4042-B813-AE08032E8C64}.Debug|Any CPU.ActiveCfg = Debug|Any CPU
		{00763EE8-17F3-4042-B813-AE08032E8C64}.Debug|Any CPU.Build.0 = Debug|Any CPU
		{00763EE8-17F3-4042-B813-AE08032E8C64}.Release|Any CPU.ActiveCfg = Release|Any CPU
		{00763EE8-17F3-4042-B813-AE08032E8C64}.Release|Any CPU.Build.0 = Release|Any CPU
	EndGlobalSection
	GlobalSection(SolutionProperties) = preSolution
		HideSolutionNode = FALSE
	EndGlobalSection
	GlobalSection(ExtensibilityGlobals) = postSolution
		SolutionGuid = {4C17C3AB-0B67-4800-B8C5-BD4E075A66D3}
	EndGlobalSection
EndGlobal
